{
  "name": "fp-ts",
  "version": "1.0.0",
  "lockfileVersion": 2,
  "requires": true,
  "packages": {
    "": {
      "name": "fp-ts",
      "version": "1.0.0",
      "license": "ISC",
      "dependencies": {
        "fp-ts": "^2.14.0"
      }
    },
    "node_modules/fp-ts": {
      "version": "2.14.0",
      "resolved": "https://registry.npmjs.org/fp-ts/-/fp-ts-2.14.0.tgz",
      "integrity": "sha512-QLagLSYAgMA00pZzUzeksH/78Sd14y7+Gc2A8Yaja3/IpGOFMdm/gYBuDMxYqLsJ58iT5lz+bJb953RAeFfp1A=="
    }
  },
  "dependencies": {
    "fp-ts": {
      "version": "2.14.0",
      "resolved": "https://registry.npmjs.org/fp-ts/-/fp-ts-2.14.0.tgz",
      "integrity": "sha512-QLagLSYAgMA00pZzUzeksH/78Sd14y7+Gc2A8Yaja3/IpGOFMdm/gYBuDMxYqLsJ58iT5lz+bJb953RAeFfp1A=="
    }
  }
}
